
Microsoft Visual Studio Solution File, Format Version 12.00
# Visual Studio 14
VisualStudioVersion = 14.0.23107.0
MinimumVisualStudioVersion = 10.0.40219.1
Project("{FAE04EC0-301F-11D3-BF4B-00C04F79EFBC}") = "CZJC.View", "CZJC\CZJC.View.csproj", "{3B49C7F2-772D-4378-9240-DADC740F14D8}"
EndProject
Project("{FAE04EC0-301F-11D3-BF4B-00C04F79EFBC}") = "CZJC", "CZOA\CZJC.csproj", "{0859C04A-6928-4D0B-A5F5-57C6370B10BB}"
EndProject
Project("{FAE04EC0-301F-11D3-BF4B-00C04F79EFBC}") = "CZJC.API", "CZOA.API\CZJC.API.csproj", "{4BC5FC68-0CA6-47D8-B8AA-CB50637282DE}"
EndProject
Project("{FAE04EC0-301F-11D3-BF4B-00C04F79EFBC}") = "CZJC.DB", "CZOA.DB\CZJC.DB.csproj", "{FC3E1DF4-7430-4887-9F54-F87421D80382}"
EndProject
Project("{FAE04EC0-301F-11D3-BF4B-00C04F79EFBC}") = "CZJC.Utility", "CZOA.Utility\CZJC.Utility.csproj", "{899B9652-8920-475F-86F8-CCAF072C4D74}"
EndProject
Project("{FAE04EC0-301F-11D3-BF4B-00C04F79EFBC}") = "CZJC.WebAPI", "CZOA.WebAPI\CZJC.WebAPI.csproj", "{30FEED56-DE2E-4FB1-874A-8605DBE38E3E}"
EndProject
Global
	GlobalSection(SolutionConfigurationPlatforms) = preSolution
		Debug|Any CPU = Debug|Any CPU
		Release|Any CPU = Release|Any CPU
	EndGlobalSection
	GlobalSection(ProjectConfigurationPlatforms) = postSolution
		{3B49C7F2-772D-4378-9240-DADC740F14D8}.Debug|Any CPU.ActiveCfg = Debug|Any CPU
		{3B49C7F2-772D-4378-9240-DADC740F14D8}.Debug|Any CPU.Build.0 = Debug|Any CPU
		{3B49C7F2-772D-4378-9240-DADC740F14D8}.Release|Any CPU.ActiveCfg = Release|Any CPU
		{3B49C7F2-772D-4378-9240-DADC740F14D8}.Release|Any CPU.Build.0 = Release|Any CPU
		{0859C04A-6928-4D0B-A5F5-57C6370B10BB}.Debug|Any CPU.ActiveCfg = Debug|Any CPU
		{0859C04A-6928-4D0B-A5F5-57C6370B10BB}.Debug|Any CPU.Build.0 = Debug|Any CPU
		{0859C04A-6928-4D0B-A5F5-57C6370B10BB}.Release|Any CPU.ActiveCfg = Release|Any CPU
		{0859C04A-6928-4D0B-A5F5-57C6370B10BB}.Release|Any CPU.Build.0 = Release|Any CPU
		{4BC5FC68-0CA6-47D8-B8AA-CB50637282DE}.Debug|Any CPU.ActiveCfg = Debug|Any CPU
		{4BC5FC68-0CA6-47D8-B8AA-CB50637282DE}.Debug|Any CPU.Build.0 = Debug|Any CPU
		{4BC5FC68-0CA6-47D8-B8AA-CB50637282DE}.Release|Any CPU.ActiveCfg = Release|Any CPU
		{4BC5FC68-0CA6-47D8-B8AA-CB50637282DE}.Release|Any CPU.Build.0 = Release|Any CPU
		{FC3E1DF4-7430-4887-9F54-F87421D80382}.Debug|Any CPU.ActiveCfg = Debug|Any CPU
		{FC3E1DF4-7430-4887-9F54-F87421D80382}.Debug|Any CPU.Build.0 = Debug|Any CPU
		{FC3E1DF4-7430-4887-9F54-F87421D80382}.Release|Any CPU.ActiveCfg = Release|Any CPU
		{FC3E1DF4-7430-4887-9F54-F87421D80382}.Release|Any CPU.Build.0 = Release|Any CPU
		{899B9652-8920-475F-86F8-CCAF072C4D74}.Debug|Any CPU.ActiveCfg = Debug|Any CPU
		{899B9652-8920-475F-86F8-CCAF072C4D74}.Debug|Any CPU.Build.0 = Debug|Any CPU
		{899B9652-8920-475F-86F8-CCAF072C4D74}.Release|Any CPU.ActiveCfg = Release|Any CPU
		{899B9652-8920-475F-86F8-CCAF072C4D74}.Release|Any CPU.Build.0 = Release|Any CPU
		{30FEED56-DE2E-4FB1-874A-8605DBE38E3E}.Debug|Any CPU.ActiveCfg = Debug|Any CPU
		{30FEED56-DE2E-4FB1-874A-8605DBE38E3E}.Debug|Any CPU.Build.0 = Debug|Any CPU
		{30FEED56-DE2E-4FB1-874A-8605DBE38E3E}.Release|Any CPU.ActiveCfg = Release|Any CPU
		{30FEED56-DE2E-4FB1-874A-8605DBE38E3E}.Release|Any CPU.Build.0 = Release|Any CPU
	EndGlobalSection
	GlobalSection(SolutionProperties) = preSolution
		HideSolutionNode = FALSE
	EndGlobalSection
EndGlobal
